
Microsoft Visual Studio Solution File, Format Version 12.00
# Visual Studio 2012
Project("{FAE04EC0-301F-11D3-BF4B-00C04F79EFBC}") = "01. SolvingKnapsack Problem", "01. SolvingKnapsack Problem\01. SolvingKnapsack Problem.csproj", "{63F6426A-49D2-4FCD-AAF9-1C76DC80D45B}"
EndProject
Project("{FAE04EC0-301F-11D3-BF4B-00C04F79EFBC}") = "02. MinimumEditDistance", "02. MinimumEditDistance\02. MinimumEditDistance.csproj", "{800D26C5-67F0-49D8-AE39-53DE783C1FC9}"
EndProject
Global
	GlobalSection(SolutionConfigurationPlatforms) = preSolution
		Debug|Any CPU = Debug|Any CPU
		Release|Any CPU = Release|Any CPU
	EndGlobalSection
	GlobalSection(ProjectConfigurationPlatforms) = postSolution
		{63F6426A-49D2-4FCD-AAF9-1C76DC80D45B}.Debug|Any CPU.ActiveCfg = Debug|Any CPU
		{63F6426A-49D2-4FCD-AAF9-1C76DC80D45B}.Debug|Any CPU.Build.0 = Debug|Any CPU
		{63F6426A-49D2-4FCD-AAF9-1C76DC80D45B}.Release|Any CPU.ActiveCfg = Release|Any CPU
		{63F6426A-49D2-4FCD-AAF9-1C76DC80D45B}.Release|Any CPU.Build.0 = Release|Any CPU
		{800D26C5-67F0-49D8-AE39-53DE783C1FC9}.Debug|Any CPU.ActiveCfg = Debug|Any CPU
		{800D26C5-67F0-49D8-AE39-53DE783C1FC9}.Debug|Any CPU.Build.0 = Debug|Any CPU
		{800D26C5-67F0-49D8-AE39-53DE783C1FC9}.Release|Any CPU.ActiveCfg = Release|Any CPU
		{800D26C5-67F0-49D8-AE39-53DE783C1FC9}.Release|Any CPU.Build.0 = Release|Any CPU
	EndGlobalSection
	GlobalSection(SolutionProperties) = preSolution
		HideSolutionNode = FALSE
	EndGlobalSection
EndGlobal
