
Microsoft Visual Studio Solution File, Format Version 12.00
# Visual Studio 2012
Project("{FAE04EC0-301F-11D3-BF4B-00C04F79EFBC}") = "CinemaReserve.ResponseModels", "CinemaReserve.ResponseModels\CinemaReserve.ResponseModels.csproj", "{67E3FA11-FA3D-4F72-A272-70B23C2B1FBD}"
EndProject
Project("{FAE04EC0-301F-11D3-BF4B-00C04F79EFBC}") = "CinemaReserve.WpfClient", "CinemaReserve.WpfClient\CinemaReserve.WpfClient.csproj", "{4CFA8519-F54B-416D-B9E2-EE6759AB4452}"
EndProject
Global
	GlobalSection(SolutionConfigurationPlatforms) = preSolution
		Debug|Any CPU = Debug|Any CPU
		Release|Any CPU = Release|Any CPU
	EndGlobalSection
	GlobalSection(ProjectConfigurationPlatforms) = postSolution
		{67E3FA11-FA3D-4F72-A272-70B23C2B1FBD}.Debug|Any CPU.ActiveCfg = Debug|Any CPU
		{67E3FA11-FA3D-4F72-A272-70B23C2B1FBD}.Debug|Any CPU.Build.0 = Debug|Any CPU
		{67E3FA11-FA3D-4F72-A272-70B23C2B1FBD}.Release|Any CPU.ActiveCfg = Release|Any CPU
		{67E3FA11-FA3D-4F72-A272-70B23C2B1FBD}.Release|Any CPU.Build.0 = Release|Any CPU
		{4CFA8519-F54B-416D-B9E2-EE6759AB4452}.Debug|Any CPU.ActiveCfg = Debug|Any CPU
		{4CFA8519-F54B-416D-B9E2-EE6759AB4452}.Debug|Any CPU.Build.0 = Debug|Any CPU
		{4CFA8519-F54B-416D-B9E2-EE6759AB4452}.Release|Any CPU.ActiveCfg = Release|Any CPU
		{4CFA8519-F54B-416D-B9E2-EE6759AB4452}.Release|Any CPU.Build.0 = Release|Any CPU
	EndGlobalSection
	GlobalSection(SolutionProperties) = preSolution
		HideSolutionNode = FALSE
	EndGlobalSection
EndGlobal
