
Microsoft Visual Studio Solution File, Format Version 12.00
# Visual Studio 2012
Project("{FAE04EC0-301F-11D3-BF4B-00C04F79EFBC}") = "asdasdads", "asdasdads\asdasdads.csproj", "{20FF0296-1AD8-46A3-AF54-6F390E9B0DAB}"
EndProject
Global
	GlobalSection(SolutionConfigurationPlatforms) = preSolution
		Debug|Any CPU = Debug|Any CPU
		Release|Any CPU = Release|Any CPU
	EndGlobalSection
	GlobalSection(ProjectConfigurationPlatforms) = postSolution
		{20FF0296-1AD8-46A3-AF54-6F390E9B0DAB}.Debug|Any CPU.ActiveCfg = Debug|Any CPU
		{20FF0296-1AD8-46A3-AF54-6F390E9B0DAB}.Debug|Any CPU.Build.0 = Debug|Any CPU
		{20FF0296-1AD8-46A3-AF54-6F390E9B0DAB}.Release|Any CPU.ActiveCfg = Release|Any CPU
		{20FF0296-1AD8-46A3-AF54-6F390E9B0DAB}.Release|Any CPU.Build.0 = Release|Any CPU
	EndGlobalSection
	GlobalSection(SolutionProperties) = preSolution
		HideSolutionNode = FALSE
	EndGlobalSection
EndGlobal
