
Microsoft Visual Studio Solution File, Format Version 12.00
# Visual Studio 2012
Project("{FAE04EC0-301F-11D3-BF4B-00C04F79EFBC}") = "01. PerformanceNPlusOne", "01. PerformanceNPlusOne\01. PerformanceNPlusOne.csproj", "{14F1D8BD-291F-4D93-BE0E-CC046BE4C170}"
EndProject
Project("{FAE04EC0-301F-11D3-BF4B-00C04F79EFBC}") = "TelerikAcademyModel", "TelerikAcademyModel\TelerikAcademyModel.csproj", "{320E7E8E-358B-415D-B1CA-0D31146A44FB}"
EndProject
Project("{FAE04EC0-301F-11D3-BF4B-00C04F79EFBC}") = "02. ToListProblem", "02. ToListProblem\02. ToListProblem.csproj", "{05404E4C-446D-484C-BD46-907D2D359582}"
EndProject
Global
	GlobalSection(SolutionConfigurationPlatforms) = preSolution
		Debug|Any CPU = Debug|Any CPU
		Release|Any CPU = Release|Any CPU
	EndGlobalSection
	GlobalSection(ProjectConfigurationPlatforms) = postSolution
		{14F1D8BD-291F-4D93-BE0E-CC046BE4C170}.Debug|Any CPU.ActiveCfg = Debug|Any CPU
		{14F1D8BD-291F-4D93-BE0E-CC046BE4C170}.Debug|Any CPU.Build.0 = Debug|Any CPU
		{14F1D8BD-291F-4D93-BE0E-CC046BE4C170}.Release|Any CPU.ActiveCfg = Release|Any CPU
		{14F1D8BD-291F-4D93-BE0E-CC046BE4C170}.Release|Any CPU.Build.0 = Release|Any CPU
		{320E7E8E-358B-415D-B1CA-0D31146A44FB}.Debug|Any CPU.ActiveCfg = Debug|Any CPU
		{320E7E8E-358B-415D-B1CA-0D31146A44FB}.Debug|Any CPU.Build.0 = Debug|Any CPU
		{320E7E8E-358B-415D-B1CA-0D31146A44FB}.Release|Any CPU.ActiveCfg = Release|Any CPU
		{320E7E8E-358B-415D-B1CA-0D31146A44FB}.Release|Any CPU.Build.0 = Release|Any CPU
		{05404E4C-446D-484C-BD46-907D2D359582}.Debug|Any CPU.ActiveCfg = Debug|Any CPU
		{05404E4C-446D-484C-BD46-907D2D359582}.Debug|Any CPU.Build.0 = Debug|Any CPU
		{05404E4C-446D-484C-BD46-907D2D359582}.Release|Any CPU.ActiveCfg = Release|Any CPU
		{05404E4C-446D-484C-BD46-907D2D359582}.Release|Any CPU.Build.0 = Release|Any CPU
	EndGlobalSection
	GlobalSection(SolutionProperties) = preSolution
		HideSolutionNode = FALSE
	EndGlobalSection
EndGlobal
