
Microsoft Visual Studio Solution File, Format Version 12.00
# Visual Studio 2012
Project("{FAE04EC0-301F-11D3-BF4B-00C04F79EFBC}") = "Task3-BookImportFromXML", "ConsoleApplication1\Task3-BookImportFromXML.csproj", "{1CE091A1-0504-4DB3-AC2C-344E4A0700E7}"
EndProject
Project("{FAE04EC0-301F-11D3-BF4B-00C04F79EFBC}") = "BookStore.Data", "BookStore.Data\BookStore.Data.csproj", "{4303D80C-5648-4674-94C2-8EDF9318322F}"
EndProject
Global
	GlobalSection(SolutionConfigurationPlatforms) = preSolution
		Debug|Any CPU = Debug|Any CPU
		Release|Any CPU = Release|Any CPU
	EndGlobalSection
	GlobalSection(ProjectConfigurationPlatforms) = postSolution
		{1CE091A1-0504-4DB3-AC2C-344E4A0700E7}.Debug|Any CPU.ActiveCfg = Debug|Any CPU
		{1CE091A1-0504-4DB3-AC2C-344E4A0700E7}.Debug|Any CPU.Build.0 = Debug|Any CPU
		{1CE091A1-0504-4DB3-AC2C-344E4A0700E7}.Release|Any CPU.ActiveCfg = Release|Any CPU
		{1CE091A1-0504-4DB3-AC2C-344E4A0700E7}.Release|Any CPU.Build.0 = Release|Any CPU
		{4303D80C-5648-4674-94C2-8EDF9318322F}.Debug|Any CPU.ActiveCfg = Debug|Any CPU
		{4303D80C-5648-4674-94C2-8EDF9318322F}.Debug|Any CPU.Build.0 = Debug|Any CPU
		{4303D80C-5648-4674-94C2-8EDF9318322F}.Release|Any CPU.ActiveCfg = Release|Any CPU
		{4303D80C-5648-4674-94C2-8EDF9318322F}.Release|Any CPU.Build.0 = Release|Any CPU
	EndGlobalSection
	GlobalSection(SolutionProperties) = preSolution
		HideSolutionNode = FALSE
	EndGlobalSection
EndGlobal
