
Microsoft Visual Studio Solution File, Format Version 12.00
# Visual Studio 2012
Project("{FAE04EC0-301F-11D3-BF4B-00C04F79EFBC}") = "01. FindAvarageFromSequenceOfNumbers", "01. FindAvarageFromSequenceOfNumbers\01. FindAvarageFromSequenceOfNumbers.csproj", "{ABCFA620-44FB-44AF-A0E4-C9EAC9434EDB}"
EndProject
Project("{FAE04EC0-301F-11D3-BF4B-00C04F79EFBC}") = "02. RetrivingNumbersUsingStack", "02. RetrivingNumbersUsingStack\02. RetrivingNumbersUsingStack.csproj", "{0AE63926-67D0-446A-8E8C-69D8C9B518A8}"
EndProject
Project("{FAE04EC0-301F-11D3-BF4B-00C04F79EFBC}") = "03. SortAListOfIntegers", "03. SortAListOfIntegers\03. SortAListOfIntegers.csproj", "{2A26FFE9-1F79-45A6-85C1-83CE8C0BCBD7}"
EndProject
Project("{FAE04EC0-301F-11D3-BF4B-00C04F79EFBC}") = "04. FindLongestSubseqOfEqualNumbers", "04. FindLongestSubseqOfEqualNumbers\04. FindLongestSubseqOfEqualNumbers.csproj", "{924A4A50-9746-455B-BC91-5940BEE61494}"
EndProject
Project("{FAE04EC0-301F-11D3-BF4B-00C04F79EFBC}") = "05. RemovesAllNegativeNumbers", "05. RemovesAllNegativeNumbers\05. RemovesAllNegativeNumbers.csproj", "{34A3BEBB-1830-4AB0-948B-A8B90A902F6C}"
EndProject
Project("{FAE04EC0-301F-11D3-BF4B-00C04F79EFBC}") = "04. FindLongestSubseqOfEqualNumbers.Tests", "04. FindLongestSubseqOfEqualNumbers.Tests\04. FindLongestSubseqOfEqualNumbers.Tests.csproj", "{37B83537-72AC-4BCF-ADF1-040D38DBB6B0}"
EndProject
Global
	GlobalSection(SolutionConfigurationPlatforms) = preSolution
		Debug|Any CPU = Debug|Any CPU
		Release|Any CPU = Release|Any CPU
	EndGlobalSection
	GlobalSection(ProjectConfigurationPlatforms) = postSolution
		{ABCFA620-44FB-44AF-A0E4-C9EAC9434EDB}.Debug|Any CPU.ActiveCfg = Debug|Any CPU
		{ABCFA620-44FB-44AF-A0E4-C9EAC9434EDB}.Debug|Any CPU.Build.0 = Debug|Any CPU
		{ABCFA620-44FB-44AF-A0E4-C9EAC9434EDB}.Release|Any CPU.ActiveCfg = Release|Any CPU
		{ABCFA620-44FB-44AF-A0E4-C9EAC9434EDB}.Release|Any CPU.Build.0 = Release|Any CPU
		{0AE63926-67D0-446A-8E8C-69D8C9B518A8}.Debug|Any CPU.ActiveCfg = Debug|Any CPU
		{0AE63926-67D0-446A-8E8C-69D8C9B518A8}.Debug|Any CPU.Build.0 = Debug|Any CPU
		{0AE63926-67D0-446A-8E8C-69D8C9B518A8}.Release|Any CPU.ActiveCfg = Release|Any CPU
		{0AE63926-67D0-446A-8E8C-69D8C9B518A8}.Release|Any CPU.Build.0 = Release|Any CPU
		{2A26FFE9-1F79-45A6-85C1-83CE8C0BCBD7}.Debug|Any CPU.ActiveCfg = Debug|Any CPU
		{2A26FFE9-1F79-45A6-85C1-83CE8C0BCBD7}.Debug|Any CPU.Build.0 = Debug|Any CPU
		{2A26FFE9-1F79-45A6-85C1-83CE8C0BCBD7}.Release|Any CPU.ActiveCfg = Release|Any CPU
		{2A26FFE9-1F79-45A6-85C1-83CE8C0BCBD7}.Release|Any CPU.Build.0 = Release|Any CPU
		{924A4A50-9746-455B-BC91-5940BEE61494}.Debug|Any CPU.ActiveCfg = Debug|Any CPU
		{924A4A50-9746-455B-BC91-5940BEE61494}.Debug|Any CPU.Build.0 = Debug|Any CPU
		{924A4A50-9746-455B-BC91-5940BEE61494}.Release|Any CPU.ActiveCfg = Release|Any CPU
		{924A4A50-9746-455B-BC91-5940BEE61494}.Release|Any CPU.Build.0 = Release|Any CPU
		{34A3BEBB-1830-4AB0-948B-A8B90A902F6C}.Debug|Any CPU.ActiveCfg = Debug|Any CPU
		{34A3BEBB-1830-4AB0-948B-A8B90A902F6C}.Debug|Any CPU.Build.0 = Debug|Any CPU
		{34A3BEBB-1830-4AB0-948B-A8B90A902F6C}.Release|Any CPU.ActiveCfg = Release|Any CPU
		{34A3BEBB-1830-4AB0-948B-A8B90A902F6C}.Release|Any CPU.Build.0 = Release|Any CPU
		{37B83537-72AC-4BCF-ADF1-040D38DBB6B0}.Debug|Any CPU.ActiveCfg = Debug|Any CPU
		{37B83537-72AC-4BCF-ADF1-040D38DBB6B0}.Debug|Any CPU.Build.0 = Debug|Any CPU
		{37B83537-72AC-4BCF-ADF1-040D38DBB6B0}.Release|Any CPU.ActiveCfg = Release|Any CPU
		{37B83537-72AC-4BCF-ADF1-040D38DBB6B0}.Release|Any CPU.Build.0 = Release|Any CPU
	EndGlobalSection
	GlobalSection(SolutionProperties) = preSolution
		HideSolutionNode = FALSE
	EndGlobalSection
EndGlobal
