
Microsoft Visual Studio Solution File, Format Version 12.00
# Visual Studio 2012
Project("{FAE04EC0-301F-11D3-BF4B-00C04F79EFBC}") = "FeedzillaConsumer", "FeedzillaConsumer\FeedzillaConsumer.csproj", "{BCDB9575-8A63-45A0-A4FC-ABB136315D06}"
EndProject
Global
	GlobalSection(SolutionConfigurationPlatforms) = preSolution
		Debug|Any CPU = Debug|Any CPU
		Release|Any CPU = Release|Any CPU
	EndGlobalSection
	GlobalSection(ProjectConfigurationPlatforms) = postSolution
		{BCDB9575-8A63-45A0-A4FC-ABB136315D06}.Debug|Any CPU.ActiveCfg = Debug|Any CPU
		{BCDB9575-8A63-45A0-A4FC-ABB136315D06}.Debug|Any CPU.Build.0 = Debug|Any CPU
		{BCDB9575-8A63-45A0-A4FC-ABB136315D06}.Release|Any CPU.ActiveCfg = Release|Any CPU
		{BCDB9575-8A63-45A0-A4FC-ABB136315D06}.Release|Any CPU.Build.0 = Release|Any CPU
	EndGlobalSection
	GlobalSection(SolutionProperties) = preSolution
		HideSolutionNode = FALSE
	EndGlobalSection
EndGlobal
