
Microsoft Visual Studio Solution File, Format Version 12.00
# Visual Studio 2012
Project("{262852C6-CD72-467D-83FE-5EEB1973A190}") = "PageOnReady", "PageOnReady\PageOnReady.jsproj", "{BFF4ABF9-CED2-4A35-9133-F0D7A032422A}"
EndProject
Project("{262852C6-CD72-467D-83FE-5EEB1973A190}") = "PageInit", "PageInit\PageInit.jsproj", "{A1C69467-8983-4C51-9125-51C9A9B5B300}"
EndProject
Project("{262852C6-CD72-467D-83FE-5EEB1973A190}") = "PageLoad", "PageLoad\PageLoad.jsproj", "{D24639B0-B455-4986-AF38-F6715D397C59}"
EndProject
Project("{262852C6-CD72-467D-83FE-5EEB1973A190}") = "PageError", "PageError\PageError.jsproj", "{ABF2AB67-7594-470F-9FD5-A356278C4CAF}"
EndProject
Global
	GlobalSection(SolutionConfigurationPlatforms) = preSolution
		Debug|Any CPU = Debug|Any CPU
		Debug|ARM = Debug|ARM
		Debug|x64 = Debug|x64
		Debug|x86 = Debug|x86
		Release|Any CPU = Release|Any CPU
		Release|ARM = Release|ARM
		Release|x64 = Release|x64
		Release|x86 = Release|x86
	EndGlobalSection
	GlobalSection(ProjectConfigurationPlatforms) = postSolution
		{BFF4ABF9-CED2-4A35-9133-F0D7A032422A}.Debug|Any CPU.ActiveCfg = Debug|Any CPU
		{BFF4ABF9-CED2-4A35-9133-F0D7A032422A}.Debug|Any CPU.Build.0 = Debug|Any CPU
		{BFF4ABF9-CED2-4A35-9133-F0D7A032422A}.Debug|Any CPU.Deploy.0 = Debug|Any CPU
		{BFF4ABF9-CED2-4A35-9133-F0D7A032422A}.Debug|ARM.ActiveCfg = Debug|ARM
		{BFF4ABF9-CED2-4A35-9133-F0D7A032422A}.Debug|ARM.Build.0 = Debug|ARM
		{BFF4ABF9-CED2-4A35-9133-F0D7A032422A}.Debug|ARM.Deploy.0 = Debug|ARM
		{BFF4ABF9-CED2-4A35-9133-F0D7A032422A}.Debug|x64.ActiveCfg = Debug|x64
		{BFF4ABF9-CED2-4A35-9133-F0D7A032422A}.Debug|x64.Build.0 = Debug|x64
		{BFF4ABF9-CED2-4A35-9133-F0D7A032422A}.Debug|x64.Deploy.0 = Debug|x64
		{BFF4ABF9-CED2-4A35-9133-F0D7A032422A}.Debug|x86.ActiveCfg = Debug|x86
		{BFF4ABF9-CED2-4A35-9133-F0D7A032422A}.Debug|x86.Build.0 = Debug|x86
		{BFF4ABF9-CED2-4A35-9133-F0D7A032422A}.Debug|x86.Deploy.0 = Debug|x86
		{BFF4ABF9-CED2-4A35-9133-F0D7A032422A}.Release|Any CPU.ActiveCfg = Release|Any CPU
		{BFF4ABF9-CED2-4A35-9133-F0D7A032422A}.Release|Any CPU.Build.0 = Release|Any CPU
		{BFF4ABF9-CED2-4A35-9133-F0D7A032422A}.Release|Any CPU.Deploy.0 = Release|Any CPU
		{BFF4ABF9-CED2-4A35-9133-F0D7A032422A}.Release|ARM.ActiveCfg = Release|ARM
		{BFF4ABF9-CED2-4A35-9133-F0D7A032422A}.Release|ARM.Build.0 = Release|ARM
		{BFF4ABF9-CED2-4A35-9133-F0D7A032422A}.Release|ARM.Deploy.0 = Release|ARM
		{BFF4ABF9-CED2-4A35-9133-F0D7A032422A}.Release|x64.ActiveCfg = Release|x64
		{BFF4ABF9-CED2-4A35-9133-F0D7A032422A}.Release|x64.Build.0 = Release|x64
		{BFF4ABF9-CED2-4A35-9133-F0D7A032422A}.Release|x64.Deploy.0 = Release|x64
		{BFF4ABF9-CED2-4A35-9133-F0D7A032422A}.Release|x86.ActiveCfg = Release|x86
		{BFF4ABF9-CED2-4A35-9133-F0D7A032422A}.Release|x86.Build.0 = Release|x86
		{BFF4ABF9-CED2-4A35-9133-F0D7A032422A}.Release|x86.Deploy.0 = Release|x86
		{A1C69467-8983-4C51-9125-51C9A9B5B300}.Debug|Any CPU.ActiveCfg = Debug|Any CPU
		{A1C69467-8983-4C51-9125-51C9A9B5B300}.Debug|Any CPU.Build.0 = Debug|Any CPU
		{A1C69467-8983-4C51-9125-51C9A9B5B300}.Debug|Any CPU.Deploy.0 = Debug|Any CPU
		{A1C69467-8983-4C51-9125-51C9A9B5B300}.Debug|ARM.ActiveCfg = Debug|ARM
		{A1C69467-8983-4C51-9125-51C9A9B5B300}.Debug|ARM.Build.0 = Debug|ARM
		{A1C69467-8983-4C51-9125-51C9A9B5B300}.Debug|ARM.Deploy.0 = Debug|ARM
		{A1C69467-8983-4C51-9125-51C9A9B5B300}.Debug|x64.ActiveCfg = Debug|x64
		{A1C69467-8983-4C51-9125-51C9A9B5B300}.Debug|x64.Build.0 = Debug|x64
		{A1C69467-8983-4C51-9125-51C9A9B5B300}.Debug|x64.Deploy.0 = Debug|x64
		{A1C69467-8983-4C51-9125-51C9A9B5B300}.Debug|x86.ActiveCfg = Debug|x86
		{A1C69467-8983-4C51-9125-51C9A9B5B300}.Debug|x86.Build.0 = Debug|x86
		{A1C69467-8983-4C51-9125-51C9A9B5B300}.Debug|x86.Deploy.0 = Debug|x86
		{A1C69467-8983-4C51-9125-51C9A9B5B300}.Release|Any CPU.ActiveCfg = Release|Any CPU
		{A1C69467-8983-4C51-9125-51C9A9B5B300}.Release|Any CPU.Build.0 = Release|Any CPU
		{A1C69467-8983-4C51-9125-51C9A9B5B300}.Release|Any CPU.Deploy.0 = Release|Any CPU
		{A1C69467-8983-4C51-9125-51C9A9B5B300}.Release|ARM.ActiveCfg = Release|ARM
		{A1C69467-8983-4C51-9125-51C9A9B5B300}.Release|ARM.Build.0 = Release|ARM
		{A1C69467-8983-4C51-9125-51C9A9B5B300}.Release|ARM.Deploy.0 = Release|ARM
		{A1C69467-8983-4C51-9125-51C9A9B5B300}.Release|x64.ActiveCfg = Release|x64
		{A1C69467-8983-4C51-9125-51C9A9B5B300}.Release|x64.Build.0 = Release|x64
		{A1C69467-8983-4C51-9125-51C9A9B5B300}.Release|x64.Deploy.0 = Release|x64
		{A1C69467-8983-4C51-9125-51C9A9B5B300}.Release|x86.ActiveCfg = Release|x86
		{A1C69467-8983-4C51-9125-51C9A9B5B300}.Release|x86.Build.0 = Release|x86
		{A1C69467-8983-4C51-9125-51C9A9B5B300}.Release|x86.Deploy.0 = Release|x86
		{D24639B0-B455-4986-AF38-F6715D397C59}.Debug|Any CPU.ActiveCfg = Debug|Any CPU
		{D24639B0-B455-4986-AF38-F6715D397C59}.Debug|Any CPU.Build.0 = Debug|Any CPU
		{D24639B0-B455-4986-AF38-F6715D397C59}.Debug|Any CPU.Deploy.0 = Debug|Any CPU
		{D24639B0-B455-4986-AF38-F6715D397C59}.Debug|ARM.ActiveCfg = Debug|ARM
		{D24639B0-B455-4986-AF38-F6715D397C59}.Debug|ARM.Build.0 = Debug|ARM
		{D24639B0-B455-4986-AF38-F6715D397C59}.Debug|ARM.Deploy.0 = Debug|ARM
		{D24639B0-B455-4986-AF38-F6715D397C59}.Debug|x64.ActiveCfg = Debug|x64
		{D24639B0-B455-4986-AF38-F6715D397C59}.Debug|x64.Build.0 = Debug|x64
		{D24639B0-B455-4986-AF38-F6715D397C59}.Debug|x64.Deploy.0 = Debug|x64
		{D24639B0-B455-4986-AF38-F6715D397C59}.Debug|x86.ActiveCfg = Debug|x86
		{D24639B0-B455-4986-AF38-F6715D397C59}.Debug|x86.Build.0 = Debug|x86
		{D24639B0-B455-4986-AF38-F6715D397C59}.Debug|x86.Deploy.0 = Debug|x86
		{D24639B0-B455-4986-AF38-F6715D397C59}.Release|Any CPU.ActiveCfg = Release|Any CPU
		{D24639B0-B455-4986-AF38-F6715D397C59}.Release|Any CPU.Build.0 = Release|Any CPU
		{D24639B0-B455-4986-AF38-F6715D397C59}.Release|Any CPU.Deploy.0 = Release|Any CPU
		{D24639B0-B455-4986-AF38-F6715D397C59}.Release|ARM.ActiveCfg = Release|ARM
		{D24639B0-B455-4986-AF38-F6715D397C59}.Release|ARM.Build.0 = Release|ARM
		{D24639B0-B455-4986-AF38-F6715D397C59}.Release|ARM.Deploy.0 = Release|ARM
		{D24639B0-B455-4986-AF38-F6715D397C59}.Release|x64.ActiveCfg = Release|x64
		{D24639B0-B455-4986-AF38-F6715D397C59}.Release|x64.Build.0 = Release|x64
		{D24639B0-B455-4986-AF38-F6715D397C59}.Release|x64.Deploy.0 = Release|x64
		{D24639B0-B455-4986-AF38-F6715D397C59}.Release|x86.ActiveCfg = Release|x86
		{D24639B0-B455-4986-AF38-F6715D397C59}.Release|x86.Build.0 = Release|x86
		{D24639B0-B455-4986-AF38-F6715D397C59}.Release|x86.Deploy.0 = Release|x86
		{ABF2AB67-7594-470F-9FD5-A356278C4CAF}.Debug|Any CPU.ActiveCfg = Debug|Any CPU
		{ABF2AB67-7594-470F-9FD5-A356278C4CAF}.Debug|Any CPU.Build.0 = Debug|Any CPU
		{ABF2AB67-7594-470F-9FD5-A356278C4CAF}.Debug|Any CPU.Deploy.0 = Debug|Any CPU
		{ABF2AB67-7594-470F-9FD5-A356278C4CAF}.Debug|ARM.ActiveCfg = Debug|ARM
		{ABF2AB67-7594-470F-9FD5-A356278C4CAF}.Debug|ARM.Build.0 = Debug|ARM
		{ABF2AB67-7594-470F-9FD5-A356278C4CAF}.Debug|ARM.Deploy.0 = Debug|ARM
		{ABF2AB67-7594-470F-9FD5-A356278C4CAF}.Debug|x64.ActiveCfg = Debug|x64
		{ABF2AB67-7594-470F-9FD5-A356278C4CAF}.Debug|x64.Build.0 = Debug|x64
		{ABF2AB67-7594-470F-9FD5-A356278C4CAF}.Debug|x64.Deploy.0 = Debug|x64
		{ABF2AB67-7594-470F-9FD5-A356278C4CAF}.Debug|x86.ActiveCfg = Debug|x86
		{ABF2AB67-7594-470F-9FD5-A356278C4CAF}.Debug|x86.Build.0 = Debug|x86
		{ABF2AB67-7594-470F-9FD5-A356278C4CAF}.Debug|x86.Deploy.0 = Debug|x86
		{ABF2AB67-7594-470F-9FD5-A356278C4CAF}.Release|Any CPU.ActiveCfg = Release|Any CPU
		{ABF2AB67-7594-470F-9FD5-A356278C4CAF}.Release|Any CPU.Build.0 = Release|Any CPU
		{ABF2AB67-7594-470F-9FD5-A356278C4CAF}.Release|Any CPU.Deploy.0 = Release|Any CPU
		{ABF2AB67-7594-470F-9FD5-A356278C4CAF}.Release|ARM.ActiveCfg = Release|ARM
		{ABF2AB67-7594-470F-9FD5-A356278C4CAF}.Release|ARM.Build.0 = Release|ARM
		{ABF2AB67-7594-470F-9FD5-A356278C4CAF}.Release|ARM.Deploy.0 = Release|ARM
		{ABF2AB67-7594-470F-9FD5-A356278C4CAF}.Release|x64.ActiveCfg = Release|x64
		{ABF2AB67-7594-470F-9FD5-A356278C4CAF}.Release|x64.Build.0 = Release|x64
		{ABF2AB67-7594-470F-9FD5-A356278C4CAF}.Release|x64.Deploy.0 = Release|x64
		{ABF2AB67-7594-470F-9FD5-A356278C4CAF}.Release|x86.ActiveCfg = Release|x86
		{ABF2AB67-7594-470F-9FD5-A356278C4CAF}.Release|x86.Build.0 = Release|x86
		{ABF2AB67-7594-470F-9FD5-A356278C4CAF}.Release|x86.Deploy.0 = Release|x86
	EndGlobalSection
	GlobalSection(SolutionProperties) = preSolution
		HideSolutionNode = FALSE
	EndGlobalSection
EndGlobal
