
Microsoft Visual Studio Solution File, Format Version 12.00
# Visual Studio 2012
Project("{262852C6-CD72-467D-83FE-5EEB1973A190}") = "AccessingLocalData", "AccessingLocalData\AccessingLocalData.jsproj", "{A9775D14-2836-420E-9077-144F2568BFB7}"
EndProject
Project("{262852C6-CD72-467D-83FE-5EEB1973A190}") = "AccessingLocalSettings", "AccessingLocalSettings\AccessingLocalSettings.jsproj", "{563862FD-D1CC-48CA-9F2A-0266B09EF486}"
EndProject
Project("{262852C6-CD72-467D-83FE-5EEB1973A190}") = "LocalDataSelfMessager", "LocalAppData\LocalDataSelfMessager.jsproj", "{52D73C5D-E9A2-49F5-8372-180C4F36BFE2}"
EndProject
Project("{262852C6-CD72-467D-83FE-5EEB1973A190}") = "AccessingRoamingSettings", "AccessingRoamingSettings\AccessingRoamingSettings.jsproj", "{939BC41B-2E6C-41EB-AE6D-FBDD77AA1DC2}"
EndProject
Global
	GlobalSection(SolutionConfigurationPlatforms) = preSolution
		Debug|Any CPU = Debug|Any CPU
		Debug|ARM = Debug|ARM
		Debug|x64 = Debug|x64
		Debug|x86 = Debug|x86
		Release|Any CPU = Release|Any CPU
		Release|ARM = Release|ARM
		Release|x64 = Release|x64
		Release|x86 = Release|x86
	EndGlobalSection
	GlobalSection(ProjectConfigurationPlatforms) = postSolution
		{A9775D14-2836-420E-9077-144F2568BFB7}.Debug|Any CPU.ActiveCfg = Debug|Any CPU
		{A9775D14-2836-420E-9077-144F2568BFB7}.Debug|Any CPU.Build.0 = Debug|Any CPU
		{A9775D14-2836-420E-9077-144F2568BFB7}.Debug|Any CPU.Deploy.0 = Debug|Any CPU
		{A9775D14-2836-420E-9077-144F2568BFB7}.Debug|ARM.ActiveCfg = Debug|ARM
		{A9775D14-2836-420E-9077-144F2568BFB7}.Debug|ARM.Build.0 = Debug|ARM
		{A9775D14-2836-420E-9077-144F2568BFB7}.Debug|ARM.Deploy.0 = Debug|ARM
		{A9775D14-2836-420E-9077-144F2568BFB7}.Debug|x64.ActiveCfg = Debug|x64
		{A9775D14-2836-420E-9077-144F2568BFB7}.Debug|x64.Build.0 = Debug|x64
		{A9775D14-2836-420E-9077-144F2568BFB7}.Debug|x64.Deploy.0 = Debug|x64
		{A9775D14-2836-420E-9077-144F2568BFB7}.Debug|x86.ActiveCfg = Debug|x86
		{A9775D14-2836-420E-9077-144F2568BFB7}.Debug|x86.Build.0 = Debug|x86
		{A9775D14-2836-420E-9077-144F2568BFB7}.Debug|x86.Deploy.0 = Debug|x86
		{A9775D14-2836-420E-9077-144F2568BFB7}.Release|Any CPU.ActiveCfg = Release|Any CPU
		{A9775D14-2836-420E-9077-144F2568BFB7}.Release|Any CPU.Build.0 = Release|Any CPU
		{A9775D14-2836-420E-9077-144F2568BFB7}.Release|Any CPU.Deploy.0 = Release|Any CPU
		{A9775D14-2836-420E-9077-144F2568BFB7}.Release|ARM.ActiveCfg = Release|ARM
		{A9775D14-2836-420E-9077-144F2568BFB7}.Release|ARM.Build.0 = Release|ARM
		{A9775D14-2836-420E-9077-144F2568BFB7}.Release|ARM.Deploy.0 = Release|ARM
		{A9775D14-2836-420E-9077-144F2568BFB7}.Release|x64.ActiveCfg = Release|x64
		{A9775D14-2836-420E-9077-144F2568BFB7}.Release|x64.Build.0 = Release|x64
		{A9775D14-2836-420E-9077-144F2568BFB7}.Release|x64.Deploy.0 = Release|x64
		{A9775D14-2836-420E-9077-144F2568BFB7}.Release|x86.ActiveCfg = Release|x86
		{A9775D14-2836-420E-9077-144F2568BFB7}.Release|x86.Build.0 = Release|x86
		{A9775D14-2836-420E-9077-144F2568BFB7}.Release|x86.Deploy.0 = Release|x86
		{563862FD-D1CC-48CA-9F2A-0266B09EF486}.Debug|Any CPU.ActiveCfg = Debug|Any CPU
		{563862FD-D1CC-48CA-9F2A-0266B09EF486}.Debug|Any CPU.Build.0 = Debug|Any CPU
		{563862FD-D1CC-48CA-9F2A-0266B09EF486}.Debug|Any CPU.Deploy.0 = Debug|Any CPU
		{563862FD-D1CC-48CA-9F2A-0266B09EF486}.Debug|ARM.ActiveCfg = Debug|ARM
		{563862FD-D1CC-48CA-9F2A-0266B09EF486}.Debug|ARM.Build.0 = Debug|ARM
		{563862FD-D1CC-48CA-9F2A-0266B09EF486}.Debug|ARM.Deploy.0 = Debug|ARM
		{563862FD-D1CC-48CA-9F2A-0266B09EF486}.Debug|x64.ActiveCfg = Debug|x64
		{563862FD-D1CC-48CA-9F2A-0266B09EF486}.Debug|x64.Build.0 = Debug|x64
		{563862FD-D1CC-48CA-9F2A-0266B09EF486}.Debug|x64.Deploy.0 = Debug|x64
		{563862FD-D1CC-48CA-9F2A-0266B09EF486}.Debug|x86.ActiveCfg = Debug|x86
		{563862FD-D1CC-48CA-9F2A-0266B09EF486}.Debug|x86.Build.0 = Debug|x86
		{563862FD-D1CC-48CA-9F2A-0266B09EF486}.Debug|x86.Deploy.0 = Debug|x86
		{563862FD-D1CC-48CA-9F2A-0266B09EF486}.Release|Any CPU.ActiveCfg = Release|Any CPU
		{563862FD-D1CC-48CA-9F2A-0266B09EF486}.Release|Any CPU.Build.0 = Release|Any CPU
		{563862FD-D1CC-48CA-9F2A-0266B09EF486}.Release|Any CPU.Deploy.0 = Release|Any CPU
		{563862FD-D1CC-48CA-9F2A-0266B09EF486}.Release|ARM.ActiveCfg = Release|ARM
		{563862FD-D1CC-48CA-9F2A-0266B09EF486}.Release|ARM.Build.0 = Release|ARM
		{563862FD-D1CC-48CA-9F2A-0266B09EF486}.Release|ARM.Deploy.0 = Release|ARM
		{563862FD-D1CC-48CA-9F2A-0266B09EF486}.Release|x64.ActiveCfg = Release|x64
		{563862FD-D1CC-48CA-9F2A-0266B09EF486}.Release|x64.Build.0 = Release|x64
		{563862FD-D1CC-48CA-9F2A-0266B09EF486}.Release|x64.Deploy.0 = Release|x64
		{563862FD-D1CC-48CA-9F2A-0266B09EF486}.Release|x86.ActiveCfg = Release|x86
		{563862FD-D1CC-48CA-9F2A-0266B09EF486}.Release|x86.Build.0 = Release|x86
		{563862FD-D1CC-48CA-9F2A-0266B09EF486}.Release|x86.Deploy.0 = Release|x86
		{52D73C5D-E9A2-49F5-8372-180C4F36BFE2}.Debug|Any CPU.ActiveCfg = Debug|Any CPU
		{52D73C5D-E9A2-49F5-8372-180C4F36BFE2}.Debug|Any CPU.Build.0 = Debug|Any CPU
		{52D73C5D-E9A2-49F5-8372-180C4F36BFE2}.Debug|Any CPU.Deploy.0 = Debug|Any CPU
		{52D73C5D-E9A2-49F5-8372-180C4F36BFE2}.Debug|ARM.ActiveCfg = Debug|ARM
		{52D73C5D-E9A2-49F5-8372-180C4F36BFE2}.Debug|ARM.Build.0 = Debug|ARM
		{52D73C5D-E9A2-49F5-8372-180C4F36BFE2}.Debug|ARM.Deploy.0 = Debug|ARM
		{52D73C5D-E9A2-49F5-8372-180C4F36BFE2}.Debug|x64.ActiveCfg = Debug|x64
		{52D73C5D-E9A2-49F5-8372-180C4F36BFE2}.Debug|x64.Build.0 = Debug|x64
		{52D73C5D-E9A2-49F5-8372-180C4F36BFE2}.Debug|x64.Deploy.0 = Debug|x64
		{52D73C5D-E9A2-49F5-8372-180C4F36BFE2}.Debug|x86.ActiveCfg = Debug|x86
		{52D73C5D-E9A2-49F5-8372-180C4F36BFE2}.Debug|x86.Build.0 = Debug|x86
		{52D73C5D-E9A2-49F5-8372-180C4F36BFE2}.Debug|x86.Deploy.0 = Debug|x86
		{52D73C5D-E9A2-49F5-8372-180C4F36BFE2}.Release|Any CPU.ActiveCfg = Release|Any CPU
		{52D73C5D-E9A2-49F5-8372-180C4F36BFE2}.Release|Any CPU.Build.0 = Release|Any CPU
		{52D73C5D-E9A2-49F5-8372-180C4F36BFE2}.Release|Any CPU.Deploy.0 = Release|Any CPU
		{52D73C5D-E9A2-49F5-8372-180C4F36BFE2}.Release|ARM.ActiveCfg = Release|ARM
		{52D73C5D-E9A2-49F5-8372-180C4F36BFE2}.Release|ARM.Build.0 = Release|ARM
		{52D73C5D-E9A2-49F5-8372-180C4F36BFE2}.Release|ARM.Deploy.0 = Release|ARM
		{52D73C5D-E9A2-49F5-8372-180C4F36BFE2}.Release|x64.ActiveCfg = Release|x64
		{52D73C5D-E9A2-49F5-8372-180C4F36BFE2}.Release|x64.Build.0 = Release|x64
		{52D73C5D-E9A2-49F5-8372-180C4F36BFE2}.Release|x64.Deploy.0 = Release|x64
		{52D73C5D-E9A2-49F5-8372-180C4F36BFE2}.Release|x86.ActiveCfg = Release|x86
		{52D73C5D-E9A2-49F5-8372-180C4F36BFE2}.Release|x86.Build.0 = Release|x86
		{52D73C5D-E9A2-49F5-8372-180C4F36BFE2}.Release|x86.Deploy.0 = Release|x86
		{939BC41B-2E6C-41EB-AE6D-FBDD77AA1DC2}.Debug|Any CPU.ActiveCfg = Debug|Any CPU
		{939BC41B-2E6C-41EB-AE6D-FBDD77AA1DC2}.Debug|Any CPU.Build.0 = Debug|Any CPU
		{939BC41B-2E6C-41EB-AE6D-FBDD77AA1DC2}.Debug|Any CPU.Deploy.0 = Debug|Any CPU
		{939BC41B-2E6C-41EB-AE6D-FBDD77AA1DC2}.Debug|ARM.ActiveCfg = Debug|ARM
		{939BC41B-2E6C-41EB-AE6D-FBDD77AA1DC2}.Debug|ARM.Build.0 = Debug|ARM
		{939BC41B-2E6C-41EB-AE6D-FBDD77AA1DC2}.Debug|ARM.Deploy.0 = Debug|ARM
		{939BC41B-2E6C-41EB-AE6D-FBDD77AA1DC2}.Debug|x64.ActiveCfg = Debug|x64
		{939BC41B-2E6C-41EB-AE6D-FBDD77AA1DC2}.Debug|x64.Build.0 = Debug|x64
		{939BC41B-2E6C-41EB-AE6D-FBDD77AA1DC2}.Debug|x64.Deploy.0 = Debug|x64
		{939BC41B-2E6C-41EB-AE6D-FBDD77AA1DC2}.Debug|x86.ActiveCfg = Debug|x86
		{939BC41B-2E6C-41EB-AE6D-FBDD77AA1DC2}.Debug|x86.Build.0 = Debug|x86
		{939BC41B-2E6C-41EB-AE6D-FBDD77AA1DC2}.Debug|x86.Deploy.0 = Debug|x86
		{939BC41B-2E6C-41EB-AE6D-FBDD77AA1DC2}.Release|Any CPU.ActiveCfg = Release|Any CPU
		{939BC41B-2E6C-41EB-AE6D-FBDD77AA1DC2}.Release|Any CPU.Build.0 = Release|Any CPU
		{939BC41B-2E6C-41EB-AE6D-FBDD77AA1DC2}.Release|Any CPU.Deploy.0 = Release|Any CPU
		{939BC41B-2E6C-41EB-AE6D-FBDD77AA1DC2}.Release|ARM.ActiveCfg = Release|ARM
		{939BC41B-2E6C-41EB-AE6D-FBDD77AA1DC2}.Release|ARM.Build.0 = Release|ARM
		{939BC41B-2E6C-41EB-AE6D-FBDD77AA1DC2}.Release|ARM.Deploy.0 = Release|ARM
		{939BC41B-2E6C-41EB-AE6D-FBDD77AA1DC2}.Release|x64.ActiveCfg = Release|x64
		{939BC41B-2E6C-41EB-AE6D-FBDD77AA1DC2}.Release|x64.Build.0 = Release|x64
		{939BC41B-2E6C-41EB-AE6D-FBDD77AA1DC2}.Release|x64.Deploy.0 = Release|x64
		{939BC41B-2E6C-41EB-AE6D-FBDD77AA1DC2}.Release|x86.ActiveCfg = Release|x86
		{939BC41B-2E6C-41EB-AE6D-FBDD77AA1DC2}.Release|x86.Build.0 = Release|x86
		{939BC41B-2E6C-41EB-AE6D-FBDD77AA1DC2}.Release|x86.Deploy.0 = Release|x86
	EndGlobalSection
	GlobalSection(SolutionProperties) = preSolution
		HideSolutionNode = FALSE
	EndGlobalSection
EndGlobal
