
Microsoft Visual Studio Solution File, Format Version 12.00
# Visual Studio 2012
Project("{FAE04EC0-301F-11D3-BF4B-00C04F79EFBC}") = "BattleGame.WebClient", "BattleGame.WebClient\BattleGame.WebClient.csproj", "{EC23D0B4-7C2C-4422-BBA2-8A7B480FD727}"
EndProject
Global
	GlobalSection(SolutionConfigurationPlatforms) = preSolution
		Debug|Any CPU = Debug|Any CPU
		Release|Any CPU = Release|Any CPU
	EndGlobalSection
	GlobalSection(ProjectConfigurationPlatforms) = postSolution
		{EC23D0B4-7C2C-4422-BBA2-8A7B480FD727}.Debug|Any CPU.ActiveCfg = Debug|Any CPU
		{EC23D0B4-7C2C-4422-BBA2-8A7B480FD727}.Debug|Any CPU.Build.0 = Debug|Any CPU
		{EC23D0B4-7C2C-4422-BBA2-8A7B480FD727}.Release|Any CPU.ActiveCfg = Release|Any CPU
		{EC23D0B4-7C2C-4422-BBA2-8A7B480FD727}.Release|Any CPU.Build.0 = Release|Any CPU
	EndGlobalSection
	GlobalSection(SolutionProperties) = preSolution
		HideSolutionNode = FALSE
	EndGlobalSection
EndGlobal
