
Microsoft Visual Studio Solution File, Format Version 12.00
# Visual Studio 2012
Project("{FAE04EC0-301F-11D3-BF4B-00C04F79EFBC}") = "01. MessagesInBottle", "01. MessagesInBottle\01. MessagesInBottle.csproj", "{DD030BE8-856A-4ACA-9B42-D856C600311A}"
EndProject
Project("{FAE04EC0-301F-11D3-BF4B-00C04F79EFBC}") = "02. AcademyTasks", "02. AcademyTasks\02. AcademyTasks.csproj", "{21253309-C0BD-4B13-B884-9D5F9769A714}"
EndProject
Project("{FAE04EC0-301F-11D3-BF4B-00C04F79EFBC}") = "04. RiskWinsRiskLossess", "04. RiskWinsRiskLossess\04. RiskWinsRiskLossess.csproj", "{E13D5343-E535-4EDD-9559-D3D4838617C3}"
EndProject
Project("{FAE04EC0-301F-11D3-BF4B-00C04F79EFBC}") = "05. MOL", "05. MOL\05. MOL.csproj", "{E76389BB-3DAE-4AF2-926F-25355BACA23C}"
EndProject
Project("{FAE04EC0-301F-11D3-BF4B-00C04F79EFBC}") = "03. ValidateHtml", "ConsoleApplication1\03. ValidateHtml.csproj", "{BCD0BA87-789A-470C-9289-7035952CD66F}"
EndProject
Project("{FAE04EC0-301F-11D3-BF4B-00C04F79EFBC}") = "10. SimpleRecursionTraining", "10. SimpleRecursionTraining\10. SimpleRecursionTraining.csproj", "{EBD6FB49-4FC9-433B-AD75-F26CA9B5F804}"
EndProject
Project("{FAE04EC0-301F-11D3-BF4B-00C04F79EFBC}") = "02. Sudoku", "02. Sudoku\02. Sudoku.csproj", "{40DB3616-F4B3-4D06-AD06-B031064D7621}"
EndProject
Global
	GlobalSection(SolutionConfigurationPlatforms) = preSolution
		Debug|Any CPU = Debug|Any CPU
		Release|Any CPU = Release|Any CPU
	EndGlobalSection
	GlobalSection(ProjectConfigurationPlatforms) = postSolution
		{DD030BE8-856A-4ACA-9B42-D856C600311A}.Debug|Any CPU.ActiveCfg = Debug|Any CPU
		{DD030BE8-856A-4ACA-9B42-D856C600311A}.Debug|Any CPU.Build.0 = Debug|Any CPU
		{DD030BE8-856A-4ACA-9B42-D856C600311A}.Release|Any CPU.ActiveCfg = Release|Any CPU
		{DD030BE8-856A-4ACA-9B42-D856C600311A}.Release|Any CPU.Build.0 = Release|Any CPU
		{21253309-C0BD-4B13-B884-9D5F9769A714}.Debug|Any CPU.ActiveCfg = Debug|Any CPU
		{21253309-C0BD-4B13-B884-9D5F9769A714}.Debug|Any CPU.Build.0 = Debug|Any CPU
		{21253309-C0BD-4B13-B884-9D5F9769A714}.Release|Any CPU.ActiveCfg = Release|Any CPU
		{21253309-C0BD-4B13-B884-9D5F9769A714}.Release|Any CPU.Build.0 = Release|Any CPU
		{E13D5343-E535-4EDD-9559-D3D4838617C3}.Debug|Any CPU.ActiveCfg = Debug|Any CPU
		{E13D5343-E535-4EDD-9559-D3D4838617C3}.Debug|Any CPU.Build.0 = Debug|Any CPU
		{E13D5343-E535-4EDD-9559-D3D4838617C3}.Release|Any CPU.ActiveCfg = Release|Any CPU
		{E13D5343-E535-4EDD-9559-D3D4838617C3}.Release|Any CPU.Build.0 = Release|Any CPU
		{E76389BB-3DAE-4AF2-926F-25355BACA23C}.Debug|Any CPU.ActiveCfg = Debug|Any CPU
		{E76389BB-3DAE-4AF2-926F-25355BACA23C}.Debug|Any CPU.Build.0 = Debug|Any CPU
		{E76389BB-3DAE-4AF2-926F-25355BACA23C}.Release|Any CPU.ActiveCfg = Release|Any CPU
		{E76389BB-3DAE-4AF2-926F-25355BACA23C}.Release|Any CPU.Build.0 = Release|Any CPU
		{BCD0BA87-789A-470C-9289-7035952CD66F}.Debug|Any CPU.ActiveCfg = Debug|Any CPU
		{BCD0BA87-789A-470C-9289-7035952CD66F}.Debug|Any CPU.Build.0 = Debug|Any CPU
		{BCD0BA87-789A-470C-9289-7035952CD66F}.Release|Any CPU.ActiveCfg = Release|Any CPU
		{BCD0BA87-789A-470C-9289-7035952CD66F}.Release|Any CPU.Build.0 = Release|Any CPU
		{EBD6FB49-4FC9-433B-AD75-F26CA9B5F804}.Debug|Any CPU.ActiveCfg = Debug|Any CPU
		{EBD6FB49-4FC9-433B-AD75-F26CA9B5F804}.Debug|Any CPU.Build.0 = Debug|Any CPU
		{EBD6FB49-4FC9-433B-AD75-F26CA9B5F804}.Release|Any CPU.ActiveCfg = Release|Any CPU
		{EBD6FB49-4FC9-433B-AD75-F26CA9B5F804}.Release|Any CPU.Build.0 = Release|Any CPU
		{40DB3616-F4B3-4D06-AD06-B031064D7621}.Debug|Any CPU.ActiveCfg = Debug|Any CPU
		{40DB3616-F4B3-4D06-AD06-B031064D7621}.Debug|Any CPU.Build.0 = Debug|Any CPU
		{40DB3616-F4B3-4D06-AD06-B031064D7621}.Release|Any CPU.ActiveCfg = Release|Any CPU
		{40DB3616-F4B3-4D06-AD06-B031064D7621}.Release|Any CPU.Build.0 = Release|Any CPU
	EndGlobalSection
	GlobalSection(SolutionProperties) = preSolution
		HideSolutionNode = FALSE
	EndGlobalSection
EndGlobal
