
Microsoft Visual Studio Solution File, Format Version 12.00
# Visual Studio 2012
Project("{FAE04EC0-301F-11D3-BF4B-00C04F79EFBC}") = "CommandBinding.ImageGallery", "CommandBinding.ImageGallery\CommandBinding.ImageGallery.csproj", "{23B51C05-FFAC-4BA8-B019-D1D867CEDACE}"
EndProject
Global
	GlobalSection(SolutionConfigurationPlatforms) = preSolution
		Debug|Any CPU = Debug|Any CPU
		Release|Any CPU = Release|Any CPU
	EndGlobalSection
	GlobalSection(ProjectConfigurationPlatforms) = postSolution
		{23B51C05-FFAC-4BA8-B019-D1D867CEDACE}.Debug|Any CPU.ActiveCfg = Debug|Any CPU
		{23B51C05-FFAC-4BA8-B019-D1D867CEDACE}.Debug|Any CPU.Build.0 = Debug|Any CPU
		{23B51C05-FFAC-4BA8-B019-D1D867CEDACE}.Release|Any CPU.ActiveCfg = Release|Any CPU
		{23B51C05-FFAC-4BA8-B019-D1D867CEDACE}.Release|Any CPU.Build.0 = Release|Any CPU
	EndGlobalSection
	GlobalSection(SolutionProperties) = preSolution
		HideSolutionNode = FALSE
	EndGlobalSection
EndGlobal
