
Microsoft Visual Studio Solution File, Format Version 12.00
# Visual Studio 2012
Project("{262852C6-CD72-467D-83FE-5EEB1973A190}") = "CreatingPromises", "CreatingPromises\CreatingPromises.jsproj", "{209840B7-AE85-4B59-943D-826C781DD5EE}"
EndProject
Project("{262852C6-CD72-467D-83FE-5EEB1973A190}") = "ChainingPromises", "ChainingPromises\ChainingPromises.jsproj", "{57C46D14-7986-45F2-9DC1-9DA996FFB599}"
EndProject
Project("{262852C6-CD72-467D-83FE-5EEB1973A190}") = "PromiseErrorHandling", "PromiseErrorHandling\PromiseErrorHandling.jsproj", "{67DACE8E-52B1-4CB1-B9F1-4581349CD806}"
EndProject
Project("{262852C6-CD72-467D-83FE-5EEB1973A190}") = "UsingThenAndDone", "UsingThenAndDone\UsingThenAndDone.jsproj", "{971C3E76-6F68-4559-A732-2A42E022EBDD}"
EndProject
Project("{262852C6-CD72-467D-83FE-5EEB1973A190}") = "PromiseProgress", "PromiseProgress\PromiseProgress.jsproj", "{729D81A6-C5D2-48B2-AB17-7A1D6C9481C4}"
EndProject
Project("{262852C6-CD72-467D-83FE-5EEB1973A190}") = "DedicatedWorker", "DedicatedWorker\DedicatedWorker.jsproj", "{5BAB9F7C-F012-477A-99B5-3A93458BC9CD}"
EndProject
Project("{262852C6-CD72-467D-83FE-5EEB1973A190}") = "CreatingPromisesFromCallbacks", "CreatingPromisesFromCallbacks\CreatingPromisesFromCallbacks.jsproj", "{F9886AAC-A5D1-440E-B277-FD2224D566DD}"
EndProject
Project("{262852C6-CD72-467D-83FE-5EEB1973A190}") = "PromisesFromValues", "PromisesFromValues\PromisesFromValues.jsproj", "{B9A2687A-AAAA-4C64-B406-6414F76EBCD6}"
EndProject
Global
	GlobalSection(SolutionConfigurationPlatforms) = preSolution
		Debug|Any CPU = Debug|Any CPU
		Debug|ARM = Debug|ARM
		Debug|x64 = Debug|x64
		Debug|x86 = Debug|x86
		Release|Any CPU = Release|Any CPU
		Release|ARM = Release|ARM
		Release|x64 = Release|x64
		Release|x86 = Release|x86
	EndGlobalSection
	GlobalSection(ProjectConfigurationPlatforms) = postSolution
		{209840B7-AE85-4B59-943D-826C781DD5EE}.Debug|Any CPU.ActiveCfg = Debug|Any CPU
		{209840B7-AE85-4B59-943D-826C781DD5EE}.Debug|Any CPU.Build.0 = Debug|Any CPU
		{209840B7-AE85-4B59-943D-826C781DD5EE}.Debug|Any CPU.Deploy.0 = Debug|Any CPU
		{209840B7-AE85-4B59-943D-826C781DD5EE}.Debug|ARM.ActiveCfg = Debug|ARM
		{209840B7-AE85-4B59-943D-826C781DD5EE}.Debug|ARM.Build.0 = Debug|ARM
		{209840B7-AE85-4B59-943D-826C781DD5EE}.Debug|ARM.Deploy.0 = Debug|ARM
		{209840B7-AE85-4B59-943D-826C781DD5EE}.Debug|x64.ActiveCfg = Debug|x64
		{209840B7-AE85-4B59-943D-826C781DD5EE}.Debug|x64.Build.0 = Debug|x64
		{209840B7-AE85-4B59-943D-826C781DD5EE}.Debug|x64.Deploy.0 = Debug|x64
		{209840B7-AE85-4B59-943D-826C781DD5EE}.Debug|x86.ActiveCfg = Debug|x86
		{209840B7-AE85-4B59-943D-826C781DD5EE}.Debug|x86.Build.0 = Debug|x86
		{209840B7-AE85-4B59-943D-826C781DD5EE}.Debug|x86.Deploy.0 = Debug|x86
		{209840B7-AE85-4B59-943D-826C781DD5EE}.Release|Any CPU.ActiveCfg = Release|Any CPU
		{209840B7-AE85-4B59-943D-826C781DD5EE}.Release|Any CPU.Build.0 = Release|Any CPU
		{209840B7-AE85-4B59-943D-826C781DD5EE}.Release|Any CPU.Deploy.0 = Release|Any CPU
		{209840B7-AE85-4B59-943D-826C781DD5EE}.Release|ARM.ActiveCfg = Release|ARM
		{209840B7-AE85-4B59-943D-826C781DD5EE}.Release|ARM.Build.0 = Release|ARM
		{209840B7-AE85-4B59-943D-826C781DD5EE}.Release|ARM.Deploy.0 = Release|ARM
		{209840B7-AE85-4B59-943D-826C781DD5EE}.Release|x64.ActiveCfg = Release|x64
		{209840B7-AE85-4B59-943D-826C781DD5EE}.Release|x64.Build.0 = Release|x64
		{209840B7-AE85-4B59-943D-826C781DD5EE}.Release|x64.Deploy.0 = Release|x64
		{209840B7-AE85-4B59-943D-826C781DD5EE}.Release|x86.ActiveCfg = Release|x86
		{209840B7-AE85-4B59-943D-826C781DD5EE}.Release|x86.Build.0 = Release|x86
		{209840B7-AE85-4B59-943D-826C781DD5EE}.Release|x86.Deploy.0 = Release|x86
		{57C46D14-7986-45F2-9DC1-9DA996FFB599}.Debug|Any CPU.ActiveCfg = Debug|Any CPU
		{57C46D14-7986-45F2-9DC1-9DA996FFB599}.Debug|Any CPU.Build.0 = Debug|Any CPU
		{57C46D14-7986-45F2-9DC1-9DA996FFB599}.Debug|Any CPU.Deploy.0 = Debug|Any CPU
		{57C46D14-7986-45F2-9DC1-9DA996FFB599}.Debug|ARM.ActiveCfg = Debug|ARM
		{57C46D14-7986-45F2-9DC1-9DA996FFB599}.Debug|ARM.Build.0 = Debug|ARM
		{57C46D14-7986-45F2-9DC1-9DA996FFB599}.Debug|ARM.Deploy.0 = Debug|ARM
		{57C46D14-7986-45F2-9DC1-9DA996FFB599}.Debug|x64.ActiveCfg = Debug|x64
		{57C46D14-7986-45F2-9DC1-9DA996FFB599}.Debug|x64.Build.0 = Debug|x64
		{57C46D14-7986-45F2-9DC1-9DA996FFB599}.Debug|x64.Deploy.0 = Debug|x64
		{57C46D14-7986-45F2-9DC1-9DA996FFB599}.Debug|x86.ActiveCfg = Debug|x86
		{57C46D14-7986-45F2-9DC1-9DA996FFB599}.Debug|x86.Build.0 = Debug|x86
		{57C46D14-7986-45F2-9DC1-9DA996FFB599}.Debug|x86.Deploy.0 = Debug|x86
		{57C46D14-7986-45F2-9DC1-9DA996FFB599}.Release|Any CPU.ActiveCfg = Release|Any CPU
		{57C46D14-7986-45F2-9DC1-9DA996FFB599}.Release|Any CPU.Build.0 = Release|Any CPU
		{57C46D14-7986-45F2-9DC1-9DA996FFB599}.Release|Any CPU.Deploy.0 = Release|Any CPU
		{57C46D14-7986-45F2-9DC1-9DA996FFB599}.Release|ARM.ActiveCfg = Release|ARM
		{57C46D14-7986-45F2-9DC1-9DA996FFB599}.Release|ARM.Build.0 = Release|ARM
		{57C46D14-7986-45F2-9DC1-9DA996FFB599}.Release|ARM.Deploy.0 = Release|ARM
		{57C46D14-7986-45F2-9DC1-9DA996FFB599}.Release|x64.ActiveCfg = Release|x64
		{57C46D14-7986-45F2-9DC1-9DA996FFB599}.Release|x64.Build.0 = Release|x64
		{57C46D14-7986-45F2-9DC1-9DA996FFB599}.Release|x64.Deploy.0 = Release|x64
		{57C46D14-7986-45F2-9DC1-9DA996FFB599}.Release|x86.ActiveCfg = Release|x86
		{57C46D14-7986-45F2-9DC1-9DA996FFB599}.Release|x86.Build.0 = Release|x86
		{57C46D14-7986-45F2-9DC1-9DA996FFB599}.Release|x86.Deploy.0 = Release|x86
		{67DACE8E-52B1-4CB1-B9F1-4581349CD806}.Debug|Any CPU.ActiveCfg = Debug|Any CPU
		{67DACE8E-52B1-4CB1-B9F1-4581349CD806}.Debug|Any CPU.Build.0 = Debug|Any CPU
		{67DACE8E-52B1-4CB1-B9F1-4581349CD806}.Debug|Any CPU.Deploy.0 = Debug|Any CPU
		{67DACE8E-52B1-4CB1-B9F1-4581349CD806}.Debug|ARM.ActiveCfg = Debug|ARM
		{67DACE8E-52B1-4CB1-B9F1-4581349CD806}.Debug|ARM.Build.0 = Debug|ARM
		{67DACE8E-52B1-4CB1-B9F1-4581349CD806}.Debug|ARM.Deploy.0 = Debug|ARM
		{67DACE8E-52B1-4CB1-B9F1-4581349CD806}.Debug|x64.ActiveCfg = Debug|x64
		{67DACE8E-52B1-4CB1-B9F1-4581349CD806}.Debug|x64.Build.0 = Debug|x64
		{67DACE8E-52B1-4CB1-B9F1-4581349CD806}.Debug|x64.Deploy.0 = Debug|x64
		{67DACE8E-52B1-4CB1-B9F1-4581349CD806}.Debug|x86.ActiveCfg = Debug|x86
		{67DACE8E-52B1-4CB1-B9F1-4581349CD806}.Debug|x86.Build.0 = Debug|x86
		{67DACE8E-52B1-4CB1-B9F1-4581349CD806}.Debug|x86.Deploy.0 = Debug|x86
		{67DACE8E-52B1-4CB1-B9F1-4581349CD806}.Release|Any CPU.ActiveCfg = Release|Any CPU
		{67DACE8E-52B1-4CB1-B9F1-4581349CD806}.Release|Any CPU.Build.0 = Release|Any CPU
		{67DACE8E-52B1-4CB1-B9F1-4581349CD806}.Release|Any CPU.Deploy.0 = Release|Any CPU
		{67DACE8E-52B1-4CB1-B9F1-4581349CD806}.Release|ARM.ActiveCfg = Release|ARM
		{67DACE8E-52B1-4CB1-B9F1-4581349CD806}.Release|ARM.Build.0 = Release|ARM
		{67DACE8E-52B1-4CB1-B9F1-4581349CD806}.Release|ARM.Deploy.0 = Release|ARM
		{67DACE8E-52B1-4CB1-B9F1-4581349CD806}.Release|x64.ActiveCfg = Release|x64
		{67DACE8E-52B1-4CB1-B9F1-4581349CD806}.Release|x64.Build.0 = Release|x64
		{67DACE8E-52B1-4CB1-B9F1-4581349CD806}.Release|x64.Deploy.0 = Release|x64
		{67DACE8E-52B1-4CB1-B9F1-4581349CD806}.Release|x86.ActiveCfg = Release|x86
		{67DACE8E-52B1-4CB1-B9F1-4581349CD806}.Release|x86.Build.0 = Release|x86
		{67DACE8E-52B1-4CB1-B9F1-4581349CD806}.Release|x86.Deploy.0 = Release|x86
		{971C3E76-6F68-4559-A732-2A42E022EBDD}.Debug|Any CPU.ActiveCfg = Debug|Any CPU
		{971C3E76-6F68-4559-A732-2A42E022EBDD}.Debug|Any CPU.Build.0 = Debug|Any CPU
		{971C3E76-6F68-4559-A732-2A42E022EBDD}.Debug|Any CPU.Deploy.0 = Debug|Any CPU
		{971C3E76-6F68-4559-A732-2A42E022EBDD}.Debug|ARM.ActiveCfg = Debug|ARM
		{971C3E76-6F68-4559-A732-2A42E022EBDD}.Debug|ARM.Build.0 = Debug|ARM
		{971C3E76-6F68-4559-A732-2A42E022EBDD}.Debug|ARM.Deploy.0 = Debug|ARM
		{971C3E76-6F68-4559-A732-2A42E022EBDD}.Debug|x64.ActiveCfg = Debug|x64
		{971C3E76-6F68-4559-A732-2A42E022EBDD}.Debug|x64.Build.0 = Debug|x64
		{971C3E76-6F68-4559-A732-2A42E022EBDD}.Debug|x64.Deploy.0 = Debug|x64
		{971C3E76-6F68-4559-A732-2A42E022EBDD}.Debug|x86.ActiveCfg = Debug|x86
		{971C3E76-6F68-4559-A732-2A42E022EBDD}.Debug|x86.Build.0 = Debug|x86
		{971C3E76-6F68-4559-A732-2A42E022EBDD}.Debug|x86.Deploy.0 = Debug|x86
		{971C3E76-6F68-4559-A732-2A42E022EBDD}.Release|Any CPU.ActiveCfg = Release|Any CPU
		{971C3E76-6F68-4559-A732-2A42E022EBDD}.Release|Any CPU.Build.0 = Release|Any CPU
		{971C3E76-6F68-4559-A732-2A42E022EBDD}.Release|Any CPU.Deploy.0 = Release|Any CPU
		{971C3E76-6F68-4559-A732-2A42E022EBDD}.Release|ARM.ActiveCfg = Release|ARM
		{971C3E76-6F68-4559-A732-2A42E022EBDD}.Release|ARM.Build.0 = Release|ARM
		{971C3E76-6F68-4559-A732-2A42E022EBDD}.Release|ARM.Deploy.0 = Release|ARM
		{971C3E76-6F68-4559-A732-2A42E022EBDD}.Release|x64.ActiveCfg = Release|x64
		{971C3E76-6F68-4559-A732-2A42E022EBDD}.Release|x64.Build.0 = Release|x64
		{971C3E76-6F68-4559-A732-2A42E022EBDD}.Release|x64.Deploy.0 = Release|x64
		{971C3E76-6F68-4559-A732-2A42E022EBDD}.Release|x86.ActiveCfg = Release|x86
		{971C3E76-6F68-4559-A732-2A42E022EBDD}.Release|x86.Build.0 = Release|x86
		{971C3E76-6F68-4559-A732-2A42E022EBDD}.Release|x86.Deploy.0 = Release|x86
		{729D81A6-C5D2-48B2-AB17-7A1D6C9481C4}.Debug|Any CPU.ActiveCfg = Debug|Any CPU
		{729D81A6-C5D2-48B2-AB17-7A1D6C9481C4}.Debug|Any CPU.Build.0 = Debug|Any CPU
		{729D81A6-C5D2-48B2-AB17-7A1D6C9481C4}.Debug|Any CPU.Deploy.0 = Debug|Any CPU
		{729D81A6-C5D2-48B2-AB17-7A1D6C9481C4}.Debug|ARM.ActiveCfg = Debug|ARM
		{729D81A6-C5D2-48B2-AB17-7A1D6C9481C4}.Debug|ARM.Build.0 = Debug|ARM
		{729D81A6-C5D2-48B2-AB17-7A1D6C9481C4}.Debug|ARM.Deploy.0 = Debug|ARM
		{729D81A6-C5D2-48B2-AB17-7A1D6C9481C4}.Debug|x64.ActiveCfg = Debug|x64
		{729D81A6-C5D2-48B2-AB17-7A1D6C9481C4}.Debug|x64.Build.0 = Debug|x64
		{729D81A6-C5D2-48B2-AB17-7A1D6C9481C4}.Debug|x64.Deploy.0 = Debug|x64
		{729D81A6-C5D2-48B2-AB17-7A1D6C9481C4}.Debug|x86.ActiveCfg = Debug|x86
		{729D81A6-C5D2-48B2-AB17-7A1D6C9481C4}.Debug|x86.Build.0 = Debug|x86
		{729D81A6-C5D2-48B2-AB17-7A1D6C9481C4}.Debug|x86.Deploy.0 = Debug|x86
		{729D81A6-C5D2-48B2-AB17-7A1D6C9481C4}.Release|Any CPU.ActiveCfg = Release|Any CPU
		{729D81A6-C5D2-48B2-AB17-7A1D6C9481C4}.Release|Any CPU.Build.0 = Release|Any CPU
		{729D81A6-C5D2-48B2-AB17-7A1D6C9481C4}.Release|Any CPU.Deploy.0 = Release|Any CPU
		{729D81A6-C5D2-48B2-AB17-7A1D6C9481C4}.Release|ARM.ActiveCfg = Release|ARM
		{729D81A6-C5D2-48B2-AB17-7A1D6C9481C4}.Release|ARM.Build.0 = Release|ARM
		{729D81A6-C5D2-48B2-AB17-7A1D6C9481C4}.Release|ARM.Deploy.0 = Release|ARM
		{729D81A6-C5D2-48B2-AB17-7A1D6C9481C4}.Release|x64.ActiveCfg = Release|x64
		{729D81A6-C5D2-48B2-AB17-7A1D6C9481C4}.Release|x64.Build.0 = Release|x64
		{729D81A6-C5D2-48B2-AB17-7A1D6C9481C4}.Release|x64.Deploy.0 = Release|x64
		{729D81A6-C5D2-48B2-AB17-7A1D6C9481C4}.Release|x86.ActiveCfg = Release|x86
		{729D81A6-C5D2-48B2-AB17-7A1D6C9481C4}.Release|x86.Build.0 = Release|x86
		{729D81A6-C5D2-48B2-AB17-7A1D6C9481C4}.Release|x86.Deploy.0 = Release|x86
		{5BAB9F7C-F012-477A-99B5-3A93458BC9CD}.Debug|Any CPU.ActiveCfg = Debug|Any CPU
		{5BAB9F7C-F012-477A-99B5-3A93458BC9CD}.Debug|Any CPU.Build.0 = Debug|Any CPU
		{5BAB9F7C-F012-477A-99B5-3A93458BC9CD}.Debug|Any CPU.Deploy.0 = Debug|Any CPU
		{5BAB9F7C-F012-477A-99B5-3A93458BC9CD}.Debug|ARM.ActiveCfg = Debug|ARM
		{5BAB9F7C-F012-477A-99B5-3A93458BC9CD}.Debug|ARM.Build.0 = Debug|ARM
		{5BAB9F7C-F012-477A-99B5-3A93458BC9CD}.Debug|ARM.Deploy.0 = Debug|ARM
		{5BAB9F7C-F012-477A-99B5-3A93458BC9CD}.Debug|x64.ActiveCfg = Debug|x64
		{5BAB9F7C-F012-477A-99B5-3A93458BC9CD}.Debug|x64.Build.0 = Debug|x64
		{5BAB9F7C-F012-477A-99B5-3A93458BC9CD}.Debug|x64.Deploy.0 = Debug|x64
		{5BAB9F7C-F012-477A-99B5-3A93458BC9CD}.Debug|x86.ActiveCfg = Debug|x86
		{5BAB9F7C-F012-477A-99B5-3A93458BC9CD}.Debug|x86.Build.0 = Debug|x86
		{5BAB9F7C-F012-477A-99B5-3A93458BC9CD}.Debug|x86.Deploy.0 = Debug|x86
		{5BAB9F7C-F012-477A-99B5-3A93458BC9CD}.Release|Any CPU.ActiveCfg = Release|Any CPU
		{5BAB9F7C-F012-477A-99B5-3A93458BC9CD}.Release|Any CPU.Build.0 = Release|Any CPU
		{5BAB9F7C-F012-477A-99B5-3A93458BC9CD}.Release|Any CPU.Deploy.0 = Release|Any CPU
		{5BAB9F7C-F012-477A-99B5-3A93458BC9CD}.Release|ARM.ActiveCfg = Release|ARM
		{5BAB9F7C-F012-477A-99B5-3A93458BC9CD}.Release|ARM.Build.0 = Release|ARM
		{5BAB9F7C-F012-477A-99B5-3A93458BC9CD}.Release|ARM.Deploy.0 = Release|ARM
		{5BAB9F7C-F012-477A-99B5-3A93458BC9CD}.Release|x64.ActiveCfg = Release|x64
		{5BAB9F7C-F012-477A-99B5-3A93458BC9CD}.Release|x64.Build.0 = Release|x64
		{5BAB9F7C-F012-477A-99B5-3A93458BC9CD}.Release|x64.Deploy.0 = Release|x64
		{5BAB9F7C-F012-477A-99B5-3A93458BC9CD}.Release|x86.ActiveCfg = Release|x86
		{5BAB9F7C-F012-477A-99B5-3A93458BC9CD}.Release|x86.Build.0 = Release|x86
		{5BAB9F7C-F012-477A-99B5-3A93458BC9CD}.Release|x86.Deploy.0 = Release|x86
		{F9886AAC-A5D1-440E-B277-FD2224D566DD}.Debug|Any CPU.ActiveCfg = Debug|Any CPU
		{F9886AAC-A5D1-440E-B277-FD2224D566DD}.Debug|Any CPU.Build.0 = Debug|Any CPU
		{F9886AAC-A5D1-440E-B277-FD2224D566DD}.Debug|Any CPU.Deploy.0 = Debug|Any CPU
		{F9886AAC-A5D1-440E-B277-FD2224D566DD}.Debug|ARM.ActiveCfg = Debug|ARM
		{F9886AAC-A5D1-440E-B277-FD2224D566DD}.Debug|ARM.Build.0 = Debug|ARM
		{F9886AAC-A5D1-440E-B277-FD2224D566DD}.Debug|ARM.Deploy.0 = Debug|ARM
		{F9886AAC-A5D1-440E-B277-FD2224D566DD}.Debug|x64.ActiveCfg = Debug|x64
		{F9886AAC-A5D1-440E-B277-FD2224D566DD}.Debug|x64.Build.0 = Debug|x64
		{F9886AAC-A5D1-440E-B277-FD2224D566DD}.Debug|x64.Deploy.0 = Debug|x64
		{F9886AAC-A5D1-440E-B277-FD2224D566DD}.Debug|x86.ActiveCfg = Debug|x86
		{F9886AAC-A5D1-440E-B277-FD2224D566DD}.Debug|x86.Build.0 = Debug|x86
		{F9886AAC-A5D1-440E-B277-FD2224D566DD}.Debug|x86.Deploy.0 = Debug|x86
		{F9886AAC-A5D1-440E-B277-FD2224D566DD}.Release|Any CPU.ActiveCfg = Release|Any CPU
		{F9886AAC-A5D1-440E-B277-FD2224D566DD}.Release|Any CPU.Build.0 = Release|Any CPU
		{F9886AAC-A5D1-440E-B277-FD2224D566DD}.Release|Any CPU.Deploy.0 = Release|Any CPU
		{F9886AAC-A5D1-440E-B277-FD2224D566DD}.Release|ARM.ActiveCfg = Release|ARM
		{F9886AAC-A5D1-440E-B277-FD2224D566DD}.Release|ARM.Build.0 = Release|ARM
		{F9886AAC-A5D1-440E-B277-FD2224D566DD}.Release|ARM.Deploy.0 = Release|ARM
		{F9886AAC-A5D1-440E-B277-FD2224D566DD}.Release|x64.ActiveCfg = Release|x64
		{F9886AAC-A5D1-440E-B277-FD2224D566DD}.Release|x64.Build.0 = Release|x64
		{F9886AAC-A5D1-440E-B277-FD2224D566DD}.Release|x64.Deploy.0 = Release|x64
		{F9886AAC-A5D1-440E-B277-FD2224D566DD}.Release|x86.ActiveCfg = Release|x86
		{F9886AAC-A5D1-440E-B277-FD2224D566DD}.Release|x86.Build.0 = Release|x86
		{F9886AAC-A5D1-440E-B277-FD2224D566DD}.Release|x86.Deploy.0 = Release|x86
		{B9A2687A-AAAA-4C64-B406-6414F76EBCD6}.Debug|Any CPU.ActiveCfg = Debug|Any CPU
		{B9A2687A-AAAA-4C64-B406-6414F76EBCD6}.Debug|Any CPU.Build.0 = Debug|Any CPU
		{B9A2687A-AAAA-4C64-B406-6414F76EBCD6}.Debug|Any CPU.Deploy.0 = Debug|Any CPU
		{B9A2687A-AAAA-4C64-B406-6414F76EBCD6}.Debug|ARM.ActiveCfg = Debug|ARM
		{B9A2687A-AAAA-4C64-B406-6414F76EBCD6}.Debug|ARM.Build.0 = Debug|ARM
		{B9A2687A-AAAA-4C64-B406-6414F76EBCD6}.Debug|ARM.Deploy.0 = Debug|ARM
		{B9A2687A-AAAA-4C64-B406-6414F76EBCD6}.Debug|x64.ActiveCfg = Debug|x64
		{B9A2687A-AAAA-4C64-B406-6414F76EBCD6}.Debug|x64.Build.0 = Debug|x64
		{B9A2687A-AAAA-4C64-B406-6414F76EBCD6}.Debug|x64.Deploy.0 = Debug|x64
		{B9A2687A-AAAA-4C64-B406-6414F76EBCD6}.Debug|x86.ActiveCfg = Debug|x86
		{B9A2687A-AAAA-4C64-B406-6414F76EBCD6}.Debug|x86.Build.0 = Debug|x86
		{B9A2687A-AAAA-4C64-B406-6414F76EBCD6}.Debug|x86.Deploy.0 = Debug|x86
		{B9A2687A-AAAA-4C64-B406-6414F76EBCD6}.Release|Any CPU.ActiveCfg = Release|Any CPU
		{B9A2687A-AAAA-4C64-B406-6414F76EBCD6}.Release|Any CPU.Build.0 = Release|Any CPU
		{B9A2687A-AAAA-4C64-B406-6414F76EBCD6}.Release|Any CPU.Deploy.0 = Release|Any CPU
		{B9A2687A-AAAA-4C64-B406-6414F76EBCD6}.Release|ARM.ActiveCfg = Release|ARM
		{B9A2687A-AAAA-4C64-B406-6414F76EBCD6}.Release|ARM.Build.0 = Release|ARM
		{B9A2687A-AAAA-4C64-B406-6414F76EBCD6}.Release|ARM.Deploy.0 = Release|ARM
		{B9A2687A-AAAA-4C64-B406-6414F76EBCD6}.Release|x64.ActiveCfg = Release|x64
		{B9A2687A-AAAA-4C64-B406-6414F76EBCD6}.Release|x64.Build.0 = Release|x64
		{B9A2687A-AAAA-4C64-B406-6414F76EBCD6}.Release|x64.Deploy.0 = Release|x64
		{B9A2687A-AAAA-4C64-B406-6414F76EBCD6}.Release|x86.ActiveCfg = Release|x86
		{B9A2687A-AAAA-4C64-B406-6414F76EBCD6}.Release|x86.Build.0 = Release|x86
		{B9A2687A-AAAA-4C64-B406-6414F76EBCD6}.Release|x86.Deploy.0 = Release|x86
	EndGlobalSection
	GlobalSection(SolutionProperties) = preSolution
		HideSolutionNode = FALSE
	EndGlobalSection
EndGlobal
