
Microsoft Visual Studio Solution File, Format Version 12.00
# Visual Studio 2012
Project("{262852C6-CD72-467D-83FE-5EEB1973A190}") = "ClassDefinition", "ClassDefinition\ClassDefinition.jsproj", "{57BF44F8-E8D6-4BD8-B3AC-ABA899019886}"
EndProject
Project("{262852C6-CD72-467D-83FE-5EEB1973A190}") = "ObjectProperties", "ObjectProperties\ObjectProperties.jsproj", "{B54AE1FA-BF55-48C0-A8FA-C61CC63CE2A6}"
EndProject
Project("{262852C6-CD72-467D-83FE-5EEB1973A190}") = "DerivingClasses", "DerivingClasses\DerivingClasses.jsproj", "{39D19203-17C7-4BBF-8B48-44CC90EF6C4C}"
EndProject
Project("{262852C6-CD72-467D-83FE-5EEB1973A190}") = "Mixins", "Mixins\Mixins.jsproj", "{B0EFB276-9890-4162-88F6-27E99BFB7462}"
EndProject
Project("{262852C6-CD72-467D-83FE-5EEB1973A190}") = "Namespaces", "Namespaces\Namespaces.jsproj", "{3764E3D0-897B-43CC-A4A0-B375783120E5}"
EndProject
Global
	GlobalSection(SolutionConfigurationPlatforms) = preSolution
		Debug|Any CPU = Debug|Any CPU
		Debug|ARM = Debug|ARM
		Debug|x64 = Debug|x64
		Debug|x86 = Debug|x86
		Release|Any CPU = Release|Any CPU
		Release|ARM = Release|ARM
		Release|x64 = Release|x64
		Release|x86 = Release|x86
	EndGlobalSection
	GlobalSection(ProjectConfigurationPlatforms) = postSolution
		{57BF44F8-E8D6-4BD8-B3AC-ABA899019886}.Debug|Any CPU.ActiveCfg = Debug|Any CPU
		{57BF44F8-E8D6-4BD8-B3AC-ABA899019886}.Debug|Any CPU.Build.0 = Debug|Any CPU
		{57BF44F8-E8D6-4BD8-B3AC-ABA899019886}.Debug|Any CPU.Deploy.0 = Debug|Any CPU
		{57BF44F8-E8D6-4BD8-B3AC-ABA899019886}.Debug|ARM.ActiveCfg = Debug|ARM
		{57BF44F8-E8D6-4BD8-B3AC-ABA899019886}.Debug|ARM.Build.0 = Debug|ARM
		{57BF44F8-E8D6-4BD8-B3AC-ABA899019886}.Debug|ARM.Deploy.0 = Debug|ARM
		{57BF44F8-E8D6-4BD8-B3AC-ABA899019886}.Debug|x64.ActiveCfg = Debug|x64
		{57BF44F8-E8D6-4BD8-B3AC-ABA899019886}.Debug|x64.Build.0 = Debug|x64
		{57BF44F8-E8D6-4BD8-B3AC-ABA899019886}.Debug|x64.Deploy.0 = Debug|x64
		{57BF44F8-E8D6-4BD8-B3AC-ABA899019886}.Debug|x86.ActiveCfg = Debug|x86
		{57BF44F8-E8D6-4BD8-B3AC-ABA899019886}.Debug|x86.Build.0 = Debug|x86
		{57BF44F8-E8D6-4BD8-B3AC-ABA899019886}.Debug|x86.Deploy.0 = Debug|x86
		{57BF44F8-E8D6-4BD8-B3AC-ABA899019886}.Release|Any CPU.ActiveCfg = Release|Any CPU
		{57BF44F8-E8D6-4BD8-B3AC-ABA899019886}.Release|Any CPU.Build.0 = Release|Any CPU
		{57BF44F8-E8D6-4BD8-B3AC-ABA899019886}.Release|Any CPU.Deploy.0 = Release|Any CPU
		{57BF44F8-E8D6-4BD8-B3AC-ABA899019886}.Release|ARM.ActiveCfg = Release|ARM
		{57BF44F8-E8D6-4BD8-B3AC-ABA899019886}.Release|ARM.Build.0 = Release|ARM
		{57BF44F8-E8D6-4BD8-B3AC-ABA899019886}.Release|ARM.Deploy.0 = Release|ARM
		{57BF44F8-E8D6-4BD8-B3AC-ABA899019886}.Release|x64.ActiveCfg = Release|x64
		{57BF44F8-E8D6-4BD8-B3AC-ABA899019886}.Release|x64.Build.0 = Release|x64
		{57BF44F8-E8D6-4BD8-B3AC-ABA899019886}.Release|x64.Deploy.0 = Release|x64
		{57BF44F8-E8D6-4BD8-B3AC-ABA899019886}.Release|x86.ActiveCfg = Release|x86
		{57BF44F8-E8D6-4BD8-B3AC-ABA899019886}.Release|x86.Build.0 = Release|x86
		{57BF44F8-E8D6-4BD8-B3AC-ABA899019886}.Release|x86.Deploy.0 = Release|x86
		{B54AE1FA-BF55-48C0-A8FA-C61CC63CE2A6}.Debug|Any CPU.ActiveCfg = Debug|Any CPU
		{B54AE1FA-BF55-48C0-A8FA-C61CC63CE2A6}.Debug|Any CPU.Build.0 = Debug|Any CPU
		{B54AE1FA-BF55-48C0-A8FA-C61CC63CE2A6}.Debug|Any CPU.Deploy.0 = Debug|Any CPU
		{B54AE1FA-BF55-48C0-A8FA-C61CC63CE2A6}.Debug|ARM.ActiveCfg = Debug|ARM
		{B54AE1FA-BF55-48C0-A8FA-C61CC63CE2A6}.Debug|ARM.Build.0 = Debug|ARM
		{B54AE1FA-BF55-48C0-A8FA-C61CC63CE2A6}.Debug|ARM.Deploy.0 = Debug|ARM
		{B54AE1FA-BF55-48C0-A8FA-C61CC63CE2A6}.Debug|x64.ActiveCfg = Debug|x64
		{B54AE1FA-BF55-48C0-A8FA-C61CC63CE2A6}.Debug|x64.Build.0 = Debug|x64
		{B54AE1FA-BF55-48C0-A8FA-C61CC63CE2A6}.Debug|x64.Deploy.0 = Debug|x64
		{B54AE1FA-BF55-48C0-A8FA-C61CC63CE2A6}.Debug|x86.ActiveCfg = Debug|x86
		{B54AE1FA-BF55-48C0-A8FA-C61CC63CE2A6}.Debug|x86.Build.0 = Debug|x86
		{B54AE1FA-BF55-48C0-A8FA-C61CC63CE2A6}.Debug|x86.Deploy.0 = Debug|x86
		{B54AE1FA-BF55-48C0-A8FA-C61CC63CE2A6}.Release|Any CPU.ActiveCfg = Release|Any CPU
		{B54AE1FA-BF55-48C0-A8FA-C61CC63CE2A6}.Release|Any CPU.Build.0 = Release|Any CPU
		{B54AE1FA-BF55-48C0-A8FA-C61CC63CE2A6}.Release|Any CPU.Deploy.0 = Release|Any CPU
		{B54AE1FA-BF55-48C0-A8FA-C61CC63CE2A6}.Release|ARM.ActiveCfg = Release|ARM
		{B54AE1FA-BF55-48C0-A8FA-C61CC63CE2A6}.Release|ARM.Build.0 = Release|ARM
		{B54AE1FA-BF55-48C0-A8FA-C61CC63CE2A6}.Release|ARM.Deploy.0 = Release|ARM
		{B54AE1FA-BF55-48C0-A8FA-C61CC63CE2A6}.Release|x64.ActiveCfg = Release|x64
		{B54AE1FA-BF55-48C0-A8FA-C61CC63CE2A6}.Release|x64.Build.0 = Release|x64
		{B54AE1FA-BF55-48C0-A8FA-C61CC63CE2A6}.Release|x64.Deploy.0 = Release|x64
		{B54AE1FA-BF55-48C0-A8FA-C61CC63CE2A6}.Release|x86.ActiveCfg = Release|x86
		{B54AE1FA-BF55-48C0-A8FA-C61CC63CE2A6}.Release|x86.Build.0 = Release|x86
		{B54AE1FA-BF55-48C0-A8FA-C61CC63CE2A6}.Release|x86.Deploy.0 = Release|x86
		{39D19203-17C7-4BBF-8B48-44CC90EF6C4C}.Debug|Any CPU.ActiveCfg = Debug|Any CPU
		{39D19203-17C7-4BBF-8B48-44CC90EF6C4C}.Debug|Any CPU.Build.0 = Debug|Any CPU
		{39D19203-17C7-4BBF-8B48-44CC90EF6C4C}.Debug|Any CPU.Deploy.0 = Debug|Any CPU
		{39D19203-17C7-4BBF-8B48-44CC90EF6C4C}.Debug|ARM.ActiveCfg = Debug|ARM
		{39D19203-17C7-4BBF-8B48-44CC90EF6C4C}.Debug|ARM.Build.0 = Debug|ARM
		{39D19203-17C7-4BBF-8B48-44CC90EF6C4C}.Debug|ARM.Deploy.0 = Debug|ARM
		{39D19203-17C7-4BBF-8B48-44CC90EF6C4C}.Debug|x64.ActiveCfg = Debug|x64
		{39D19203-17C7-4BBF-8B48-44CC90EF6C4C}.Debug|x64.Build.0 = Debug|x64
		{39D19203-17C7-4BBF-8B48-44CC90EF6C4C}.Debug|x64.Deploy.0 = Debug|x64
		{39D19203-17C7-4BBF-8B48-44CC90EF6C4C}.Debug|x86.ActiveCfg = Debug|x86
		{39D19203-17C7-4BBF-8B48-44CC90EF6C4C}.Debug|x86.Build.0 = Debug|x86
		{39D19203-17C7-4BBF-8B48-44CC90EF6C4C}.Debug|x86.Deploy.0 = Debug|x86
		{39D19203-17C7-4BBF-8B48-44CC90EF6C4C}.Release|Any CPU.ActiveCfg = Release|Any CPU
		{39D19203-17C7-4BBF-8B48-44CC90EF6C4C}.Release|Any CPU.Build.0 = Release|Any CPU
		{39D19203-17C7-4BBF-8B48-44CC90EF6C4C}.Release|Any CPU.Deploy.0 = Release|Any CPU
		{39D19203-17C7-4BBF-8B48-44CC90EF6C4C}.Release|ARM.ActiveCfg = Release|ARM
		{39D19203-17C7-4BBF-8B48-44CC90EF6C4C}.Release|ARM.Build.0 = Release|ARM
		{39D19203-17C7-4BBF-8B48-44CC90EF6C4C}.Release|ARM.Deploy.0 = Release|ARM
		{39D19203-17C7-4BBF-8B48-44CC90EF6C4C}.Release|x64.ActiveCfg = Release|x64
		{39D19203-17C7-4BBF-8B48-44CC90EF6C4C}.Release|x64.Build.0 = Release|x64
		{39D19203-17C7-4BBF-8B48-44CC90EF6C4C}.Release|x64.Deploy.0 = Release|x64
		{39D19203-17C7-4BBF-8B48-44CC90EF6C4C}.Release|x86.ActiveCfg = Release|x86
		{39D19203-17C7-4BBF-8B48-44CC90EF6C4C}.Release|x86.Build.0 = Release|x86
		{39D19203-17C7-4BBF-8B48-44CC90EF6C4C}.Release|x86.Deploy.0 = Release|x86
		{B0EFB276-9890-4162-88F6-27E99BFB7462}.Debug|Any CPU.ActiveCfg = Debug|Any CPU
		{B0EFB276-9890-4162-88F6-27E99BFB7462}.Debug|Any CPU.Build.0 = Debug|Any CPU
		{B0EFB276-9890-4162-88F6-27E99BFB7462}.Debug|Any CPU.Deploy.0 = Debug|Any CPU
		{B0EFB276-9890-4162-88F6-27E99BFB7462}.Debug|ARM.ActiveCfg = Debug|ARM
		{B0EFB276-9890-4162-88F6-27E99BFB7462}.Debug|ARM.Build.0 = Debug|ARM
		{B0EFB276-9890-4162-88F6-27E99BFB7462}.Debug|ARM.Deploy.0 = Debug|ARM
		{B0EFB276-9890-4162-88F6-27E99BFB7462}.Debug|x64.ActiveCfg = Debug|x64
		{B0EFB276-9890-4162-88F6-27E99BFB7462}.Debug|x64.Build.0 = Debug|x64
		{B0EFB276-9890-4162-88F6-27E99BFB7462}.Debug|x64.Deploy.0 = Debug|x64
		{B0EFB276-9890-4162-88F6-27E99BFB7462}.Debug|x86.ActiveCfg = Debug|x86
		{B0EFB276-9890-4162-88F6-27E99BFB7462}.Debug|x86.Build.0 = Debug|x86
		{B0EFB276-9890-4162-88F6-27E99BFB7462}.Debug|x86.Deploy.0 = Debug|x86
		{B0EFB276-9890-4162-88F6-27E99BFB7462}.Release|Any CPU.ActiveCfg = Release|Any CPU
		{B0EFB276-9890-4162-88F6-27E99BFB7462}.Release|Any CPU.Build.0 = Release|Any CPU
		{B0EFB276-9890-4162-88F6-27E99BFB7462}.Release|Any CPU.Deploy.0 = Release|Any CPU
		{B0EFB276-9890-4162-88F6-27E99BFB7462}.Release|ARM.ActiveCfg = Release|ARM
		{B0EFB276-9890-4162-88F6-27E99BFB7462}.Release|ARM.Build.0 = Release|ARM
		{B0EFB276-9890-4162-88F6-27E99BFB7462}.Release|ARM.Deploy.0 = Release|ARM
		{B0EFB276-9890-4162-88F6-27E99BFB7462}.Release|x64.ActiveCfg = Release|x64
		{B0EFB276-9890-4162-88F6-27E99BFB7462}.Release|x64.Build.0 = Release|x64
		{B0EFB276-9890-4162-88F6-27E99BFB7462}.Release|x64.Deploy.0 = Release|x64
		{B0EFB276-9890-4162-88F6-27E99BFB7462}.Release|x86.ActiveCfg = Release|x86
		{B0EFB276-9890-4162-88F6-27E99BFB7462}.Release|x86.Build.0 = Release|x86
		{B0EFB276-9890-4162-88F6-27E99BFB7462}.Release|x86.Deploy.0 = Release|x86
		{3764E3D0-897B-43CC-A4A0-B375783120E5}.Debug|Any CPU.ActiveCfg = Debug|Any CPU
		{3764E3D0-897B-43CC-A4A0-B375783120E5}.Debug|Any CPU.Build.0 = Debug|Any CPU
		{3764E3D0-897B-43CC-A4A0-B375783120E5}.Debug|Any CPU.Deploy.0 = Debug|Any CPU
		{3764E3D0-897B-43CC-A4A0-B375783120E5}.Debug|ARM.ActiveCfg = Debug|ARM
		{3764E3D0-897B-43CC-A4A0-B375783120E5}.Debug|ARM.Build.0 = Debug|ARM
		{3764E3D0-897B-43CC-A4A0-B375783120E5}.Debug|ARM.Deploy.0 = Debug|ARM
		{3764E3D0-897B-43CC-A4A0-B375783120E5}.Debug|x64.ActiveCfg = Debug|x64
		{3764E3D0-897B-43CC-A4A0-B375783120E5}.Debug|x64.Build.0 = Debug|x64
		{3764E3D0-897B-43CC-A4A0-B375783120E5}.Debug|x64.Deploy.0 = Debug|x64
		{3764E3D0-897B-43CC-A4A0-B375783120E5}.Debug|x86.ActiveCfg = Debug|x86
		{3764E3D0-897B-43CC-A4A0-B375783120E5}.Debug|x86.Build.0 = Debug|x86
		{3764E3D0-897B-43CC-A4A0-B375783120E5}.Debug|x86.Deploy.0 = Debug|x86
		{3764E3D0-897B-43CC-A4A0-B375783120E5}.Release|Any CPU.ActiveCfg = Release|Any CPU
		{3764E3D0-897B-43CC-A4A0-B375783120E5}.Release|Any CPU.Build.0 = Release|Any CPU
		{3764E3D0-897B-43CC-A4A0-B375783120E5}.Release|Any CPU.Deploy.0 = Release|Any CPU
		{3764E3D0-897B-43CC-A4A0-B375783120E5}.Release|ARM.ActiveCfg = Release|ARM
		{3764E3D0-897B-43CC-A4A0-B375783120E5}.Release|ARM.Build.0 = Release|ARM
		{3764E3D0-897B-43CC-A4A0-B375783120E5}.Release|ARM.Deploy.0 = Release|ARM
		{3764E3D0-897B-43CC-A4A0-B375783120E5}.Release|x64.ActiveCfg = Release|x64
		{3764E3D0-897B-43CC-A4A0-B375783120E5}.Release|x64.Build.0 = Release|x64
		{3764E3D0-897B-43CC-A4A0-B375783120E5}.Release|x64.Deploy.0 = Release|x64
		{3764E3D0-897B-43CC-A4A0-B375783120E5}.Release|x86.ActiveCfg = Release|x86
		{3764E3D0-897B-43CC-A4A0-B375783120E5}.Release|x86.Build.0 = Release|x86
		{3764E3D0-897B-43CC-A4A0-B375783120E5}.Release|x86.Deploy.0 = Release|x86
	EndGlobalSection
	GlobalSection(SolutionProperties) = preSolution
		HideSolutionNode = FALSE
	EndGlobalSection
EndGlobal
